
Microsoft Visual Studio Solution File, Format Version 12.00
# Visual Studio Version 16
VisualStudioVersion = 16.0.29503.13
MinimumVisualStudioVersion = 10.0.40219.1
Project("{9A19103F-16F7-4668-BE54-9A1E7A4F7556}") = "UI-MVC", "UI-MVC\UI-MVC.csproj", "{926D8100-41FD-47F9-82FE-FA3307D21923}"
EndProject
Project("{FAE04EC0-301F-11D3-BF4B-00C04F79EFBC}") = "BL", ".\BL\BL.csproj", "{D865A4C3-F2B7-4514-8A49-660CD6BF6CBF}"
EndProject
Project("{FAE04EC0-301F-11D3-BF4B-00C04F79EFBC}") = "DAL", ".\DAL\DAL.csproj", "{DE112D64-701A-4350-A746-AA471D6DACF8}"
EndProject
Project("{FAE04EC0-301F-11D3-BF4B-00C04F79EFBC}") = "Domain", ".\Domain\Domain.csproj", "{4B903FB3-ACBD-4CF1-9FBD-3D875DFBE49C}"
EndProject
Project("{FAE04EC0-301F-11D3-BF4B-00C04F79EFBC}") = "UI-WebAPI", "UI-WebAPI\UI-WebAPI.csproj", "{45D2771E-05B4-4042-B8C5-66C5DB2C79FA}"
EndProject
Global
	GlobalSection(SolutionConfigurationPlatforms) = preSolution
		Debug|Any CPU = Debug|Any CPU
		Release|Any CPU = Release|Any CPU
	EndGlobalSection
	GlobalSection(ProjectConfigurationPlatforms) = postSolution
		{926D8100-41FD-47F9-82FE-FA3307D21923}.Debug|Any CPU.ActiveCfg = Debug|Any CPU
		{926D8100-41FD-47F9-82FE-FA3307D21923}.Debug|Any CPU.Build.0 = Debug|Any CPU
		{926D8100-41FD-47F9-82FE-FA3307D21923}.Release|Any CPU.ActiveCfg = Release|Any CPU
		{926D8100-41FD-47F9-82FE-FA3307D21923}.Release|Any CPU.Build.0 = Release|Any CPU
		{D865A4C3-F2B7-4514-8A49-660CD6BF6CBF}.Debug|Any CPU.ActiveCfg = Debug|Any CPU
		{D865A4C3-F2B7-4514-8A49-660CD6BF6CBF}.Debug|Any CPU.Build.0 = Debug|Any CPU
		{D865A4C3-F2B7-4514-8A49-660CD6BF6CBF}.Release|Any CPU.ActiveCfg = Release|Any CPU
		{D865A4C3-F2B7-4514-8A49-660CD6BF6CBF}.Release|Any CPU.Build.0 = Release|Any CPU
		{DE112D64-701A-4350-A746-AA471D6DACF8}.Debug|Any CPU.ActiveCfg = Debug|Any CPU
		{DE112D64-701A-4350-A746-AA471D6DACF8}.Debug|Any CPU.Build.0 = Debug|Any CPU
		{DE112D64-701A-4350-A746-AA471D6DACF8}.Release|Any CPU.ActiveCfg = Release|Any CPU
		{DE112D64-701A-4350-A746-AA471D6DACF8}.Release|Any CPU.Build.0 = Release|Any CPU
		{4B903FB3-ACBD-4CF1-9FBD-3D875DFBE49C}.Debug|Any CPU.ActiveCfg = Debug|Any CPU
		{4B903FB3-ACBD-4CF1-9FBD-3D875DFBE49C}.Debug|Any CPU.Build.0 = Debug|Any CPU
		{4B903FB3-ACBD-4CF1-9FBD-3D875DFBE49C}.Release|Any CPU.ActiveCfg = Release|Any CPU
		{4B903FB3-ACBD-4CF1-9FBD-3D875DFBE49C}.Release|Any CPU.Build.0 = Release|Any CPU
		{45D2771E-05B4-4042-B8C5-66C5DB2C79FA}.Debug|Any CPU.ActiveCfg = Debug|Any CPU
		{45D2771E-05B4-4042-B8C5-66C5DB2C79FA}.Debug|Any CPU.Build.0 = Debug|Any CPU
		{45D2771E-05B4-4042-B8C5-66C5DB2C79FA}.Release|Any CPU.ActiveCfg = Release|Any CPU
		{45D2771E-05B4-4042-B8C5-66C5DB2C79FA}.Release|Any CPU.Build.0 = Release|Any CPU
	EndGlobalSection
	GlobalSection(SolutionProperties) = preSolution
		HideSolutionNode = FALSE
	EndGlobalSection
	GlobalSection(ExtensibilityGlobals) = postSolution
		SolutionGuid = {475C591C-A4D7-488D-B21B-BCB6FC74574C}
	EndGlobalSection
EndGlobal
